
Microsoft Visual Studio Solution File, Format Version 12.00
# Visual Studio Version 17
VisualStudioVersion = 17.0.31903.59
MinimumVisualStudioVersion = 10.0.40219.1
Project("{FAE04EC0-301F-11D3-BF4B-00C04F79EFBC}") = "SocialMap.Core", "SocialMap.Core\SocialMap.Core.csproj", "{3B6BA167-289B-4A05-AAB6-8659F0FF1145}"
EndProject
Project("{FAE04EC0-301F-11D3-BF4B-00C04F79EFBC}") = "SocialMap.Repository", "SocialMap.Repository\SocialMap.Repository.csproj", "{E483A1B5-F8D4-4DCD-A540-38673987498E}"
EndProject
Project("{FAE04EC0-301F-11D3-BF4B-00C04F79EFBC}") = "SocialMap.Business", "SocialMap.Business\SocialMap.Business.csproj", "{E68AC7F0-1B44-49B3-ADAA-CD343159C60A}"
EndProject
Project("{FAE04EC0-301F-11D3-BF4B-00C04F79EFBC}") = "SocialMap.WebAPI", "SocialMap.WebAPI\SocialMap.WebAPI.csproj", "{7AFF9F15-572F-45DB-8349-A39F66ADBACF}"
EndProject
Project("{FAE04EC0-301F-11D3-BF4B-00C04F79EFBC}") = "SocialMap.Tests", "SocialMap.Tests\SocialMap.Tests.csproj", "{A54A6881-6A55-40A7-88BE-FC2432562A8B}"
EndProject
Global
	GlobalSection(SolutionConfigurationPlatforms) = preSolution
		Debug|Any CPU = Debug|Any CPU
		Debug|x64 = Debug|x64
		Debug|x86 = Debug|x86
		Release|Any CPU = Release|Any CPU
		Release|x64 = Release|x64
		Release|x86 = Release|x86
	EndGlobalSection
	GlobalSection(ProjectConfigurationPlatforms) = postSolution
		{3B6BA167-289B-4A05-AAB6-8659F0FF1145}.Debug|Any CPU.ActiveCfg = Debug|Any CPU
		{3B6BA167-289B-4A05-AAB6-8659F0FF1145}.Debug|Any CPU.Build.0 = Debug|Any CPU
		{3B6BA167-289B-4A05-AAB6-8659F0FF1145}.Debug|x64.ActiveCfg = Debug|Any CPU
		{3B6BA167-289B-4A05-AAB6-8659F0FF1145}.Debug|x64.Build.0 = Debug|Any CPU
		{3B6BA167-289B-4A05-AAB6-8659F0FF1145}.Debug|x86.ActiveCfg = Debug|Any CPU
		{3B6BA167-289B-4A05-AAB6-8659F0FF1145}.Debug|x86.Build.0 = Debug|Any CPU
		{3B6BA167-289B-4A05-AAB6-8659F0FF1145}.Release|Any CPU.ActiveCfg = Release|Any CPU
		{3B6BA167-289B-4A05-AAB6-8659F0FF1145}.Release|Any CPU.Build.0 = Release|Any CPU
		{3B6BA167-289B-4A05-AAB6-8659F0FF1145}.Release|x64.ActiveCfg = Release|Any CPU
		{3B6BA167-289B-4A05-AAB6-8659F0FF1145}.Release|x64.Build.0 = Release|Any CPU
		{3B6BA167-289B-4A05-AAB6-8659F0FF1145}.Release|x86.ActiveCfg = Release|Any CPU
		{3B6BA167-289B-4A05-AAB6-8659F0FF1145}.Release|x86.Build.0 = Release|Any CPU
		{E483A1B5-F8D4-4DCD-A540-38673987498E}.Debug|Any CPU.ActiveCfg = Debug|Any CPU
		{E483A1B5-F8D4-4DCD-A540-38673987498E}.Debug|Any CPU.Build.0 = Debug|Any CPU
		{E483A1B5-F8D4-4DCD-A540-38673987498E}.Debug|x64.ActiveCfg = Debug|Any CPU
		{E483A1B5-F8D4-4DCD-A540-38673987498E}.Debug|x64.Build.0 = Debug|Any CPU
		{E483A1B5-F8D4-4DCD-A540-38673987498E}.Debug|x86.ActiveCfg = Debug|Any CPU
		{E483A1B5-F8D4-4DCD-A540-38673987498E}.Debug|x86.Build.0 = Debug|Any CPU
		{E483A1B5-F8D4-4DCD-A540-38673987498E}.Release|Any CPU.ActiveCfg = Release|Any CPU
		{E483A1B5-F8D4-4DCD-A540-38673987498E}.Release|Any CPU.Build.0 = Release|Any CPU
		{E483A1B5-F8D4-4DCD-A540-38673987498E}.Release|x64.ActiveCfg = Release|Any CPU
		{E483A1B5-F8D4-4DCD-A540-38673987498E}.Release|x64.Build.0 = Release|Any CPU
		{E483A1B5-F8D4-4DCD-A540-38673987498E}.Release|x86.ActiveCfg = Release|Any CPU
		{E483A1B5-F8D4-4DCD-A540-38673987498E}.Release|x86.Build.0 = Release|Any CPU
		{E68AC7F0-1B44-49B3-ADAA-CD343159C60A}.Debug|Any CPU.ActiveCfg = Debug|Any CPU
		{E68AC7F0-1B44-49B3-ADAA-CD343159C60A}.Debug|Any CPU.Build.0 = Debug|Any CPU
		{E68AC7F0-1B44-49B3-ADAA-CD343159C60A}.Debug|x64.ActiveCfg = Debug|Any CPU
		{E68AC7F0-1B44-49B3-ADAA-CD343159C60A}.Debug|x64.Build.0 = Debug|Any CPU
		{E68AC7F0-1B44-49B3-ADAA-CD343159C60A}.Debug|x86.ActiveCfg = Debug|Any CPU
		{E68AC7F0-1B44-49B3-ADAA-CD343159C60A}.Debug|x86.Build.0 = Debug|Any CPU
		{E68AC7F0-1B44-49B3-ADAA-CD343159C60A}.Release|Any CPU.ActiveCfg = Release|Any CPU
		{E68AC7F0-1B44-49B3-ADAA-CD343159C60A}.Release|Any CPU.Build.0 = Release|Any CPU
		{E68AC7F0-1B44-49B3-ADAA-CD343159C60A}.Release|x64.ActiveCfg = Release|Any CPU
		{E68AC7F0-1B44-49B3-ADAA-CD343159C60A}.Release|x64.Build.0 = Release|Any CPU
		{E68AC7F0-1B44-49B3-ADAA-CD343159C60A}.Release|x86.ActiveCfg = Release|Any CPU
		{E68AC7F0-1B44-49B3-ADAA-CD343159C60A}.Release|x86.Build.0 = Release|Any CPU
		{7AFF9F15-572F-45DB-8349-A39F66ADBACF}.Debug|Any CPU.ActiveCfg = Debug|Any CPU
		{7AFF9F15-572F-45DB-8349-A39F66ADBACF}.Debug|Any CPU.Build.0 = Debug|Any CPU
		{7AFF9F15-572F-45DB-8349-A39F66ADBACF}.Debug|x64.ActiveCfg = Debug|Any CPU
		{7AFF9F15-572F-45DB-8349-A39F66ADBACF}.Debug|x64.Build.0 = Debug|Any CPU
		{7AFF9F15-572F-45DB-8349-A39F66ADBACF}.Debug|x86.ActiveCfg = Debug|Any CPU
		{7AFF9F15-572F-45DB-8349-A39F66ADBACF}.Debug|x86.Build.0 = Debug|Any CPU
		{7AFF9F15-572F-45DB-8349-A39F66ADBACF}.Release|Any CPU.ActiveCfg = Release|Any CPU
		{7AFF9F15-572F-45DB-8349-A39F66ADBACF}.Release|Any CPU.Build.0 = Release|Any CPU
		{7AFF9F15-572F-45DB-8349-A39F66ADBACF}.Release|x64.ActiveCfg = Release|Any CPU
		{7AFF9F15-572F-45DB-8349-A39F66ADBACF}.Release|x64.Build.0 = Release|Any CPU
		{7AFF9F15-572F-45DB-8349-A39F66ADBACF}.Release|x86.ActiveCfg = Release|Any CPU
		{7AFF9F15-572F-45DB-8349-A39F66ADBACF}.Release|x86.Build.0 = Release|Any CPU
		{A54A6881-6A55-40A7-88BE-FC2432562A8B}.Debug|Any CPU.ActiveCfg = Debug|Any CPU
		{A54A6881-6A55-40A7-88BE-FC2432562A8B}.Debug|Any CPU.Build.0 = Debug|Any CPU
		{A54A6881-6A55-40A7-88BE-FC2432562A8B}.Debug|x64.ActiveCfg = Debug|Any CPU
		{A54A6881-6A55-40A7-88BE-FC2432562A8B}.Debug|x64.Build.0 = Debug|Any CPU
		{A54A6881-6A55-40A7-88BE-FC2432562A8B}.Debug|x86.ActiveCfg = Debug|Any CPU
		{A54A6881-6A55-40A7-88BE-FC2432562A8B}.Debug|x86.Build.0 = Debug|Any CPU
		{A54A6881-6A55-40A7-88BE-FC2432562A8B}.Release|Any CPU.ActiveCfg = Release|Any CPU
		{A54A6881-6A55-40A7-88BE-FC2432562A8B}.Release|Any CPU.Build.0 = Release|Any CPU
		{A54A6881-6A55-40A7-88BE-FC2432562A8B}.Release|x64.ActiveCfg = Release|Any CPU
		{A54A6881-6A55-40A7-88BE-FC2432562A8B}.Release|x64.Build.0 = Release|Any CPU
		{A54A6881-6A55-40A7-88BE-FC2432562A8B}.Release|x86.ActiveCfg = Release|Any CPU
		{A54A6881-6A55-40A7-88BE-FC2432562A8B}.Release|x86.Build.0 = Release|Any CPU
	EndGlobalSection
	GlobalSection(SolutionProperties) = preSolution
		HideSolutionNode = FALSE
	EndGlobalSection
EndGlobal
